{
  "lockfile-version": 1,
  "manifest": {
    "schema-version": "1.11.0",
    "install": {
      "awscli2": {
        "pkg-path": "awscli2"
      },
      "composer": {
        "pkg-path": "php84Packages.composer"
      },
      "jq": {
        "pkg-path": "jq"
      },
      "nodejs": {
        "pkg-path": "nodejs"
      },
      "php": {
        "pkg-path": "php84"
      },
      "pnpm": {
        "pkg-path": "pnpm"
      },
      "terraform": {
        "pkg-path": "terraform"
      }
    },
    "hook": {},
    "profile": {},
    "options": {}
  },
  "packages": [
    {
      "attr_path": "awscli2",
      "broken": false,
      "derivation": "/nix/store/pz2il020jyk94qrv76csk0v94rsi2ail-awscli2-2.34.24.drv",
      "description": "Unified tool to manage your AWS services",
      "install_id": "awscli2",
      "license": "Apache-2.0",
      "locked_url": "https://github.com/flox/nixpkgs?rev=4bd9165a9165d7b5e33ae57f3eecbcb28fb231c9",
      "name": "awscli2-2.34.24",
      "pname": "awscli2",
      "rev": "4bd9165a9165d7b5e33ae57f3eecbcb28fb231c9",
      "rev_count": 980183,
      "rev_date": "2026-04-14T12:31:25Z",
      "scrape_date": "2026-04-16T06:05:17.900653Z",
      "stabilities": [
        "staging",
        "unstable"
      ],
      "unfree": false,
      "version": "2.34.24",
      "outputs_to_install": [
        "out"
      ],
      "outputs": {
        "dist": "/nix/store/a3mr70rzycxf5j7l9nm7rwnfk2j8nclx-awscli2-2.34.24-dist",
        "out": "/nix/store/qkzc0i6cwxdv7x8h1ccn0k3j42s7lk70-awscli2-2.34.24"
      },
      "system": "aarch64-darwin",
      "group": "toplevel",
      "priority": 5
    },
    {
      "attr_path": "awscli2",
      "broken": false,
      "derivation": "/nix/store/lj32vb6x7cfpiw2230hfsiic87liwqir-awscli2-2.34.24.drv",
      "description": "Unified tool to manage your AWS services",
      "install_id": "awscli2",
      "license": "Apache-2.0",
      "locked_url": "https://github.com/flox/nixpkgs?rev=4bd9165a9165d7b5e33ae57f3eecbcb28fb231c9",
      "name": "awscli2-2.34.24",
      "pname": "awscli2",
      "rev": "4bd9165a9165d7b5e33ae57f3eecbcb28fb231c9",
      "rev_count": 980183,
      "rev_date": "2026-04-14T12:31:25Z",
      "scrape_date": "2026-04-16T06:37:12.714550Z",
      "stabilities": [
        "staging",
        "unstable"
      ],
      "unfree": false,
      "version": "2.34.24",
      "outputs_to_install": [
        "out"
      ],
      "outputs": {
        "dist": "/nix/store/bjvf546aspgajkj915hclkavzx6z5npm-awscli2-2.34.24-dist",
        "out": "/nix/store/n658q1fdfdn4qhx8fv3xqjd1ll591swi-awscli2-2.34.24"
      },
      "system": "aarch64-linux",
      "group": "toplevel",
      "priority": 5
    },
    {
      "attr_path": "awscli2",
      "broken": false,
      "derivation": "/nix/store/4f2kn2mnp0cywh3bzb9gg0i95as3d2hb-awscli2-2.34.24.drv",
      "description": "Unified tool to manage your AWS services",
      "install_id": "awscli2",
      "license": "Apache-2.0",
      "locked_url": "https://github.com/flox/nixpkgs?rev=4bd9165a9165d7b5e33ae57f3eecbcb28fb231c9",
      "name": "awscli2-2.34.24",
      "pname": "awscli2",
      "rev": "4bd9165a9165d7b5e33ae57f3eecbcb28fb231c9",
      "rev_count": 980183,
      "rev_date": "2026-04-14T12:31:25Z",
      "scrape_date": "2026-04-16T07:08:01.869524Z",
      "stabilities": [
        "staging",
        "unstable"
      ],
      "unfree": false,
      "version": "2.34.24",
      "outputs_to_install": [
        "out"
      ],
      "outputs": {
        "dist": "/nix/store/gv7c1p2isrb3w84xcph7gbnlsjwbf95c-awscli2-2.34.24-dist",
        "out": "/nix/store/i7sbfqly4gz1fl0kcm5mi4kv8i8mliyw-awscli2-2.34.24"
      },
      "system": "x86_64-darwin",
      "group": "toplevel",
      "priority": 5
    },
    {
      "attr_path": "awscli2",
      "broken": false,
      "derivation": "/nix/store/s8skrs34accmwl52lj2nbifskz73dyvg-awscli2-2.34.24.drv",
      "description": "Unified tool to manage your AWS services",
      "install_id": "awscli2",
      "license": "Apache-2.0",
      "locked_url": "https://github.com/flox/nixpkgs?rev=4bd9165a9165d7b5e33ae57f3eecbcb28fb231c9",
      "name": "awscli2-2.34.24",
      "pname": "awscli2",
      "rev": "4bd9165a9165d7b5e33ae57f3eecbcb28fb231c9",
      "rev_count": 980183,
      "rev_date": "2026-04-14T12:31:25Z",
      "scrape_date": "2026-04-16T07:42:40.920850Z",
      "stabilities": [
        "staging",
        "unstable"
      ],
      "unfree": false,
      "version": "2.34.24",
      "outputs_to_install": [
        "out"
      ],
      "outputs": {
        "dist": "/nix/store/5qgww9qa4sgcxqmkqyr1bfk0phrz156d-awscli2-2.34.24-dist",
        "out": "/nix/store/vzhhq102i6jcqv8h6p8a16ajvrl6id6j-awscli2-2.34.24"
      },
      "system": "x86_64-linux",
      "group": "toplevel",
      "priority": 5
    },
    {
      "attr_path": "php84Packages.composer",
      "broken": false,
      "derivation": "/nix/store/40ivj0363k2bzli2fxi3rlmlg7m57kp1-composer-2.9.5.drv",
      "description": "Dependency Manager for PHP",
      "install_id": "composer",
      "license": "MIT",
      "locked_url": "https://github.com/flox/nixpkgs?rev=4bd9165a9165d7b5e33ae57f3eecbcb28fb231c9",
      "name": "composer-2.9.5",
      "pname": "composer",
      "rev": "4bd9165a9165d7b5e33ae57f3eecbcb28fb231c9",
      "rev_count": 980183,
      "rev_date": "2026-04-14T12:31:25Z",
      "scrape_date": "2026-04-16T06:05:55.151591Z",
      "stabilities": [
        "staging",
        "unstable"
      ],
      "unfree": false,
      "version": "2.9.5",
      "outputs_to_install": [
        "out"
      ],
      "outputs": {
        "out": "/nix/store/yizyn5qic5xccjc6qzamk76xfrmhxhsc-composer-2.9.5"
      },
      "system": "aarch64-darwin",
      "group": "toplevel",
      "priority": 5
    },
    {
      "attr_path": "php84Packages.composer",
      "broken": false,
      "derivation": "/nix/store/hzsskabz8isvzck9885afwdqq8r3yq86-composer-2.9.5.drv",
      "description": "Dependency Manager for PHP",
      "install_id": "composer",
      "license": "MIT",
      "locked_url": "https://github.com/flox/nixpkgs?rev=4bd9165a9165d7b5e33ae57f3eecbcb28fb231c9",
      "name": "composer-2.9.5",
      "pname": "composer",
      "rev": "4bd9165a9165d7b5e33ae57f3eecbcb28fb231c9",
      "rev_count": 980183,
      "rev_date": "2026-04-14T12:31:25Z",
      "scrape_date": "2026-04-16T06:38:08.336209Z",
      "stabilities": [
        "staging",
        "unstable"
      ],
      "unfree": false,
      "version": "2.9.5",
      "outputs_to_install": [
        "out"
      ],
      "outputs": {
        "out": "/nix/store/fzqc777kpzcx3dwi7577f7m320rjgdqz-composer-2.9.5"
      },
      "system": "aarch64-linux",
      "group": "toplevel",
      "priority": 5
    },
    {
      "attr_path": "php84Packages.composer",
      "broken": false,
      "derivation": "/nix/store/9j19y2c5p135pwjr5sjgvwxqvmkksl1w-composer-2.9.5.drv",
      "description": "Dependency Manager for PHP",
      "install_id": "composer",
      "license": "MIT",
      "locked_url": "https://github.com/flox/nixpkgs?rev=4bd9165a9165d7b5e33ae57f3eecbcb28fb231c9",
      "name": "composer-2.9.5",
      "pname": "composer",
      "rev": "4bd9165a9165d7b5e33ae57f3eecbcb28fb231c9",
      "rev_count": 980183,
      "rev_date": "2026-04-14T12:31:25Z",
      "scrape_date": "2026-04-16T07:08:38.877482Z",
      "stabilities": [
        "staging",
        "unstable"
      ],
      "unfree": false,
      "version": "2.9.5",
      "outputs_to_install": [
        "out"
      ],
      "outputs": {
        "out": "/nix/store/n2c7ajvy59z0804ws0n2m7skrrxyayyz-composer-2.9.5"
      },
      "system": "x86_64-darwin",
      "group": "toplevel",
      "priority": 5
    },
    {
      "attr_path": "php84Packages.composer",
      "broken": false,
      "derivation": "/nix/store/msmq5ln7aigil1dd7550xm6agyk0ysi7-composer-2.9.5.drv",
      "description": "Dependency Manager for PHP",
      "install_id": "composer",
      "license": "MIT",
      "locked_url": "https://github.com/flox/nixpkgs?rev=4bd9165a9165d7b5e33ae57f3eecbcb28fb231c9",
      "name": "composer-2.9.5",
      "pname": "composer",
      "rev": "4bd9165a9165d7b5e33ae57f3eecbcb28fb231c9",
      "rev_count": 980183,
      "rev_date": "2026-04-14T12:31:25Z",
      "scrape_date": "2026-04-16T07:43:39.172597Z",
      "stabilities": [
        "staging",
        "unstable"
      ],
      "unfree": false,
      "version": "2.9.5",
      "outputs_to_install": [
        "out"
      ],
      "outputs": {
        "out": "/nix/store/j5q9awaq6m4g6vakajj3cfjbssra31rp-composer-2.9.5"
      },
      "system": "x86_64-linux",
      "group": "toplevel",
      "priority": 5
    },
    {
      "attr_path": "jq",
      "broken": false,
      "derivation": "/nix/store/y1glsdj47nwma5cg6gkwxaidlcqdvmv1-jq-1.8.1.drv",
      "description": "Lightweight and flexible command-line JSON processor",
      "install_id": "jq",
      "license": "MIT",
      "locked_url": "https://github.com/flox/nixpkgs?rev=4bd9165a9165d7b5e33ae57f3eecbcb28fb231c9",
      "name": "jq-1.8.1",
      "pname": "jq",
      "rev": "4bd9165a9165d7b5e33ae57f3eecbcb28fb231c9",
      "rev_count": 980183,
      "rev_date": "2026-04-14T12:31:25Z",
      "scrape_date": "2026-04-16T06:05:34.551791Z",
      "stabilities": [
        "staging",
        "unstable"
      ],
      "unfree": false,
      "version": "1.8.1",
      "outputs_to_install": [
        "bin",
        "bin",
        "bin",
        "man",
        "man",
        "man"
      ],
      "outputs": {
        "bin": "/nix/store/bb450vb2gl547zwba8sihcyilsg2rqfa-jq-1.8.1-bin",
        "dev": "/nix/store/irxgyhi0rq34f2y721a26ii09nynq2ha-jq-1.8.1-dev",
        "doc": "/nix/store/rnkk37licxmcicz44sm368bk2fsrk52j-jq-1.8.1-doc",
        "man": "/nix/store/vs96fwfhd5gjycxs5yc58wkrizscww92-jq-1.8.1-man",
        "out": "/nix/store/y4gq3lbz2nq75cl3v28ixrqrr90pk4lf-jq-1.8.1"
      },
      "system": "aarch64-darwin",
      "group": "toplevel",
      "priority": 5
    },
    {
      "attr_path": "jq",
      "broken": false,
      "derivation": "/nix/store/r7xkf6ii1frn2kcdwb48mbwbvikldhmy-jq-1.8.1.drv",
      "description": "Lightweight and flexible command-line JSON processor",
      "install_id": "jq",
      "license": "MIT",
      "locked_url": "https://github.com/flox/nixpkgs?rev=4bd9165a9165d7b5e33ae57f3eecbcb28fb231c9",
      "name": "jq-1.8.1",
      "pname": "jq",
      "rev": "4bd9165a9165d7b5e33ae57f3eecbcb28fb231c9",
      "rev_count": 980183,
      "rev_date": "2026-04-14T12:31:25Z",
      "scrape_date": "2026-04-16T06:37:34.371732Z",
      "stabilities": [
        "staging",
        "unstable"
      ],
      "unfree": false,
      "version": "1.8.1",
      "outputs_to_install": [
        "bin",
        "bin",
        "bin",
        "man",
        "man"
      ],
      "outputs": {
        "bin": "/nix/store/h68aklwk28xbrg7pqaw078w1hvvvf419-jq-1.8.1-bin",
        "dev": "/nix/store/kzsszlf69lndqilpgysw1j9b4hrfwjfx-jq-1.8.1-dev",
        "doc": "/nix/store/rr0a4brsd47393640zn9zgw844rbkrsl-jq-1.8.1-doc",
        "man": "/nix/store/l4npc0sgk51lz2d6jqnl4r18hmn6qckr-jq-1.8.1-man",
        "out": "/nix/store/5jf55qkwrnd769ri9wxiy7z9kp5zb4ca-jq-1.8.1"
      },
      "system": "aarch64-linux",
      "group": "toplevel",
      "priority": 5
    },
    {
      "attr_path": "jq",
      "broken": false,
      "derivation": "/nix/store/j7s0v2z7qngwmszf6cl59d80w2bankzf-jq-1.8.1.drv",
      "description": "Lightweight and flexible command-line JSON processor",
      "install_id": "jq",
      "license": "MIT",
      "locked_url": "https://github.com/flox/nixpkgs?rev=4bd9165a9165d7b5e33ae57f3eecbcb28fb231c9",
      "name": "jq-1.8.1",
      "pname": "jq",
      "rev": "4bd9165a9165d7b5e33ae57f3eecbcb28fb231c9",
      "rev_count": 980183,
      "rev_date": "2026-04-14T12:31:25Z",
      "scrape_date": "2026-04-16T07:08:18.480057Z",
      "stabilities": [
        "staging",
        "unstable"
      ],
      "unfree": false,
      "version": "1.8.1",
      "outputs_to_install": [
        "bin",
        "bin",
        "man",
        "man"
      ],
      "outputs": {
        "bin": "/nix/store/y699jyfkqhj7lm51zdxm1df28izg6zgj-jq-1.8.1-bin",
        "dev": "/nix/store/681w0vijzacwyhcwylkvbppd4kps33fw-jq-1.8.1-dev",
        "doc": "/nix/store/2bvvha8apma6crzhsnpjrghnjbjj6hpm-jq-1.8.1-doc",
        "man": "/nix/store/0h261wdn6mlrn564adwhyw52a2dfnbg5-jq-1.8.1-man",
        "out": "/nix/store/44i56yshwqwgw912idz0m9zx30d1xg8z-jq-1.8.1"
      },
      "system": "x86_64-darwin",
      "group": "toplevel",
      "priority": 5
    },
    {
      "attr_path": "jq",
      "broken": false,
      "derivation": "/nix/store/0vb08cn5pf24mzjbibpc7n37g62lacfj-jq-1.8.1.drv",
      "description": "Lightweight and flexible command-line JSON processor",
      "install_id": "jq",
      "license": "MIT",
      "locked_url": "https://github.com/flox/nixpkgs?rev=4bd9165a9165d7b5e33ae57f3eecbcb28fb231c9",
      "name": "jq-1.8.1",
      "pname": "jq",
      "rev": "4bd9165a9165d7b5e33ae57f3eecbcb28fb231c9",
      "rev_count": 980183,
      "rev_date": "2026-04-14T12:31:25Z",
      "scrape_date": "2026-04-16T07:43:03.545835Z",
      "stabilities": [
        "staging",
        "unstable"
      ],
      "unfree": false,
      "version": "1.8.1",
      "outputs_to_install": [
        "bin",
        "bin",
        "bin",
        "bin",
        "bin",
        "man"
      ],
      "outputs": {
        "bin": "/nix/store/fc13hvlj7541i1xmwdka7f61qicdzr5a-jq-1.8.1-bin",
        "dev": "/nix/store/plinh1rzkh83n4gfpkxl748zgaydpxll-jq-1.8.1-dev",
        "doc": "/nix/store/ihgrvb9w91mwbhxx3fi3gcwwx3qlsdfv-jq-1.8.1-doc",
        "man": "/nix/store/crwv17pim6csnfr4jmsd7kf60sp3c5dh-jq-1.8.1-man",
        "out": "/nix/store/s4w1j16dj8wyriv1ljfypr9s1r39yjwp-jq-1.8.1"
      },
      "system": "x86_64-linux",
      "group": "toplevel",
      "priority": 5
    },
    {
      "attr_path": "nodejs",
      "broken": false,
      "derivation": "/nix/store/g2yfx00n1lp9i8ka7nbl11fawc0yfm7n-nodejs-24.14.0.drv",
      "description": "Event-driven I/O framework for the V8 JavaScript engine",
      "install_id": "nodejs",
      "license": "MIT",
      "locked_url": "https://github.com/flox/nixpkgs?rev=4bd9165a9165d7b5e33ae57f3eecbcb28fb231c9",
      "name": "nodejs-24.14.0",
      "pname": "nodejs",
      "rev": "4bd9165a9165d7b5e33ae57f3eecbcb28fb231c9",
      "rev_count": 980183,
      "rev_date": "2026-04-14T12:31:25Z",
      "scrape_date": "2026-04-16T06:05:42.106352Z",
      "stabilities": [
        "staging",
        "unstable"
      ],
      "unfree": false,
      "version": "24.14.0",
      "outputs_to_install": [
        "out",
        "out",
        "out",
        "out"
      ],
      "outputs": {
        "out": "/nix/store/d5hw52iialz64hvfzfp9qm1gr2fp43kx-nodejs-24.14.0"
      },
      "system": "aarch64-darwin",
      "group": "toplevel",
      "priority": 5
    },
    {
      "attr_path": "nodejs",
      "broken": false,
      "derivation": "/nix/store/jj8rw2gnisil7dw10xi2qdinad9jqp7s-nodejs-24.14.0.drv",
      "description": "Event-driven I/O framework for the V8 JavaScript engine",
      "install_id": "nodejs",
      "license": "MIT",
      "locked_url": "https://github.com/flox/nixpkgs?rev=4bd9165a9165d7b5e33ae57f3eecbcb28fb231c9",
      "name": "nodejs-24.14.0",
      "pname": "nodejs",
      "rev": "4bd9165a9165d7b5e33ae57f3eecbcb28fb231c9",
      "rev_count": 980183,
      "rev_date": "2026-04-14T12:31:25Z",
      "scrape_date": "2026-04-16T06:37:50.441212Z",
      "stabilities": [
        "staging",
        "unstable"
      ],
      "unfree": false,
      "version": "24.14.0",
      "outputs_to_install": [
        "out",
        "out",
        "out"
      ],
      "outputs": {
        "out": "/nix/store/vs8zaq8fvbbjqfg4bzn424kn55sj7s7y-nodejs-24.14.0"
      },
      "system": "aarch64-linux",
      "group": "toplevel",
      "priority": 5
    },
    {
      "attr_path": "nodejs",
      "broken": false,
      "derivation": "/nix/store/l9ksrfa960964gqf23yfr7a66a2n18c1-nodejs-24.14.0.drv",
      "description": "Event-driven I/O framework for the V8 JavaScript engine",
      "install_id": "nodejs",
      "license": "MIT",
      "locked_url": "https://github.com/flox/nixpkgs?rev=4bd9165a9165d7b5e33ae57f3eecbcb28fb231c9",
      "name": "nodejs-24.14.0",
      "pname": "nodejs",
      "rev": "4bd9165a9165d7b5e33ae57f3eecbcb28fb231c9",
      "rev_count": 980183,
      "rev_date": "2026-04-14T12:31:25Z",
      "scrape_date": "2026-04-16T07:08:25.914600Z",
      "stabilities": [
        "staging",
        "unstable"
      ],
      "unfree": false,
      "version": "24.14.0",
      "outputs_to_install": [
        "out",
        "out",
        "out"
      ],
      "outputs": {
        "out": "/nix/store/70ypbaj273w2kk0nrs4vijizyqgbg48v-nodejs-24.14.0"
      },
      "system": "x86_64-darwin",
      "group": "toplevel",
      "priority": 5
    },
    {
      "attr_path": "nodejs",
      "broken": false,
      "derivation": "/nix/store/15s1kk2n6vg180wg04wj2wgnl19f03v7-nodejs-24.14.0.drv",
      "description": "Event-driven I/O framework for the V8 JavaScript engine",
      "install_id": "nodejs",
      "license": "MIT",
      "locked_url": "https://github.com/flox/nixpkgs?rev=4bd9165a9165d7b5e33ae57f3eecbcb28fb231c9",
      "name": "nodejs-24.14.0",
      "pname": "nodejs",
      "rev": "4bd9165a9165d7b5e33ae57f3eecbcb28fb231c9",
      "rev_count": 980183,
      "rev_date": "2026-04-14T12:31:25Z",
      "scrape_date": "2026-04-16T07:43:21.102705Z",
      "stabilities": [
        "staging",
        "unstable"
      ],
      "unfree": false,
      "version": "24.14.0",
      "outputs_to_install": [
        "out",
        "out",
        "out"
      ],
      "outputs": {
        "out": "/nix/store/v2210ar51jddnrcx46m53ivv9palc26m-nodejs-24.14.0"
      },
      "system": "x86_64-linux",
      "group": "toplevel",
      "priority": 5
    },
    {
      "attr_path": "php84",
      "broken": false,
      "derivation": "/nix/store/x8xyrikbnf5cqq788j4ridcisb2vv6p5-php-with-extensions-8.4.19.drv",
      "description": "HTML-embedded scripting language",
      "install_id": "php",
      "license": "PHP-3.01",
      "locked_url": "https://github.com/flox/nixpkgs?rev=4bd9165a9165d7b5e33ae57f3eecbcb28fb231c9",
      "name": "php-with-extensions-8.4.19",
      "pname": "php84",
      "rev": "4bd9165a9165d7b5e33ae57f3eecbcb28fb231c9",
      "rev_count": 980183,
      "rev_date": "2026-04-14T12:31:25Z",
      "scrape_date": "2026-04-16T06:05:54.963156Z",
      "stabilities": [
        "staging",
        "unstable"
      ],
      "unfree": false,
      "version": "8.4.19",
      "outputs_to_install": [
        "out"
      ],
      "outputs": {
        "out": "/nix/store/hfmjnaj5hd8aszw0pw1z7jg8azk8sny6-php-with-extensions-8.4.19"
      },
      "system": "aarch64-darwin",
      "group": "toplevel",
      "priority": 5
    },
    {
      "attr_path": "php84",
      "broken": false,
      "derivation": "/nix/store/4mklllc8n6jfs52vb2k27qblm5q9a6xk-php-with-extensions-8.4.19.drv",
      "description": "HTML-embedded scripting language",
      "install_id": "php",
      "license": "PHP-3.01",
      "locked_url": "https://github.com/flox/nixpkgs?rev=4bd9165a9165d7b5e33ae57f3eecbcb28fb231c9",
      "name": "php-with-extensions-8.4.19",
      "pname": "php84",
      "rev": "4bd9165a9165d7b5e33ae57f3eecbcb28fb231c9",
      "rev_count": 980183,
      "rev_date": "2026-04-14T12:31:25Z",
      "scrape_date": "2026-04-16T06:38:08.097209Z",
      "stabilities": [
        "staging",
        "unstable"
      ],
      "unfree": false,
      "version": "8.4.19",
      "outputs_to_install": [
        "out"
      ],
      "outputs": {
        "out": "/nix/store/kcslyv42001y3xwr38lk2sg75p8rczsl-php-with-extensions-8.4.19"
      },
      "system": "aarch64-linux",
      "group": "toplevel",
      "priority": 5
    },
    {
      "attr_path": "php84",
      "broken": false,
      "derivation": "/nix/store/7wv6j3ily64g6h3p2vlarw8qhfr2q8f8-php-with-extensions-8.4.19.drv",
      "description": "HTML-embedded scripting language",
      "install_id": "php",
      "license": "PHP-3.01",
      "locked_url": "https://github.com/flox/nixpkgs?rev=4bd9165a9165d7b5e33ae57f3eecbcb28fb231c9",
      "name": "php-with-extensions-8.4.19",
      "pname": "php84",
      "rev": "4bd9165a9165d7b5e33ae57f3eecbcb28fb231c9",
      "rev_count": 980183,
      "rev_date": "2026-04-14T12:31:25Z",
      "scrape_date": "2026-04-16T07:08:38.694846Z",
      "stabilities": [
        "staging",
        "unstable"
      ],
      "unfree": false,
      "version": "8.4.19",
      "outputs_to_install": [
        "out"
      ],
      "outputs": {
        "out": "/nix/store/5cj32bwv1jcjgd80lxpxhz18l1khyhg2-php-with-extensions-8.4.19"
      },
      "system": "x86_64-darwin",
      "group": "toplevel",
      "priority": 5
    },
    {
      "attr_path": "php84",
      "broken": false,
      "derivation": "/nix/store/jkbr2kxpvbn65k7mphaasmwrjl2yg7qh-php-with-extensions-8.4.19.drv",
      "description": "HTML-embedded scripting language",
      "install_id": "php",
      "license": "PHP-3.01",
      "locked_url": "https://github.com/flox/nixpkgs?rev=4bd9165a9165d7b5e33ae57f3eecbcb28fb231c9",
      "name": "php-with-extensions-8.4.19",
      "pname": "php84",
      "rev": "4bd9165a9165d7b5e33ae57f3eecbcb28fb231c9",
      "rev_count": 980183,
      "rev_date": "2026-04-14T12:31:25Z",
      "scrape_date": "2026-04-16T07:43:38.921167Z",
      "stabilities": [
        "staging",
        "unstable"
      ],
      "unfree": false,
      "version": "8.4.19",
      "outputs_to_install": [
        "out"
      ],
      "outputs": {
        "out": "/nix/store/bxb82f36qqy542pp09x71pkbzmp7skkl-php-with-extensions-8.4.19"
      },
      "system": "x86_64-linux",
      "group": "toplevel",
      "priority": 5
    },
    {
      "attr_path": "pnpm",
      "broken": false,
      "derivation": "/nix/store/j5p5vcdra3lxq7idm2pq4bhdix420ay2-pnpm-10.33.0.drv",
      "description": "Fast, disk space efficient package manager for JavaScript",
      "install_id": "pnpm",
      "license": "MIT",
      "locked_url": "https://github.com/flox/nixpkgs?rev=4bd9165a9165d7b5e33ae57f3eecbcb28fb231c9",
      "name": "pnpm-10.33.0",
      "pname": "pnpm",
      "rev": "4bd9165a9165d7b5e33ae57f3eecbcb28fb231c9",
      "rev_count": 980183,
      "rev_date": "2026-04-14T12:31:25Z",
      "scrape_date": "2026-04-16T06:05:56.270549Z",
      "stabilities": [
        "staging",
        "unstable"
      ],
      "unfree": false,
      "version": "10.33.0",
      "outputs_to_install": [
        "out"
      ],
      "outputs": {
        "out": "/nix/store/ikniys3wki91s94zh7wpnf9rf8806msv-pnpm-10.33.0"
      },
      "system": "aarch64-darwin",
      "group": "toplevel",
      "priority": 5
    },
    {
      "attr_path": "pnpm",
      "broken": false,
      "derivation": "/nix/store/jqc69fv43sjsjv67a3xqrdpz9zjw5bhm-pnpm-10.33.0.drv",
      "description": "Fast, disk space efficient package manager for JavaScript",
      "install_id": "pnpm",
      "license": "MIT",
      "locked_url": "https://github.com/flox/nixpkgs?rev=4bd9165a9165d7b5e33ae57f3eecbcb28fb231c9",
      "name": "pnpm-10.33.0",
      "pname": "pnpm",
      "rev": "4bd9165a9165d7b5e33ae57f3eecbcb28fb231c9",
      "rev_count": 980183,
      "rev_date": "2026-04-14T12:31:25Z",
      "scrape_date": "2026-04-16T06:38:10.041581Z",
      "stabilities": [
        "staging",
        "unstable"
      ],
      "unfree": false,
      "version": "10.33.0",
      "outputs_to_install": [
        "out"
      ],
      "outputs": {
        "out": "/nix/store/5gj7nis9afj3qib78y8vwp5vh5rdr5wn-pnpm-10.33.0"
      },
      "system": "aarch64-linux",
      "group": "toplevel",
      "priority": 5
    },
    {
      "attr_path": "pnpm",
      "broken": false,
      "derivation": "/nix/store/vm0izgp2rm8xzdabkd8kb3r9n5zcxpn7-pnpm-10.33.0.drv",
      "description": "Fast, disk space efficient package manager for JavaScript",
      "install_id": "pnpm",
      "license": "MIT",
      "locked_url": "https://github.com/flox/nixpkgs?rev=4bd9165a9165d7b5e33ae57f3eecbcb28fb231c9",
      "name": "pnpm-10.33.0",
      "pname": "pnpm",
      "rev": "4bd9165a9165d7b5e33ae57f3eecbcb28fb231c9",
      "rev_count": 980183,
      "rev_date": "2026-04-14T12:31:25Z",
      "scrape_date": "2026-04-16T07:08:39.964962Z",
      "stabilities": [
        "staging",
        "unstable"
      ],
      "unfree": false,
      "version": "10.33.0",
      "outputs_to_install": [
        "out"
      ],
      "outputs": {
        "out": "/nix/store/a8425q8kcj0r6x13c50z52y9f23b43kh-pnpm-10.33.0"
      },
      "system": "x86_64-darwin",
      "group": "toplevel",
      "priority": 5
    },
    {
      "attr_path": "pnpm",
      "broken": false,
      "derivation": "/nix/store/rrmdv7a9p91v5x4qnmm0qq013995rg2j-pnpm-10.33.0.drv",
      "description": "Fast, disk space efficient package manager for JavaScript",
      "install_id": "pnpm",
      "license": "MIT",
      "locked_url": "https://github.com/flox/nixpkgs?rev=4bd9165a9165d7b5e33ae57f3eecbcb28fb231c9",
      "name": "pnpm-10.33.0",
      "pname": "pnpm",
      "rev": "4bd9165a9165d7b5e33ae57f3eecbcb28fb231c9",
      "rev_count": 980183,
      "rev_date": "2026-04-14T12:31:25Z",
      "scrape_date": "2026-04-16T07:43:41.021441Z",
      "stabilities": [
        "staging",
        "unstable"
      ],
      "unfree": false,
      "version": "10.33.0",
      "outputs_to_install": [
        "out"
      ],
      "outputs": {
        "out": "/nix/store/qlbqwsia8a9rk3cp6v58y1x58c0j2wyk-pnpm-10.33.0"
      },
      "system": "x86_64-linux",
      "group": "toplevel",
      "priority": 5
    },
    {
      "attr_path": "terraform",
      "broken": false,
      "derivation": "/nix/store/jcfh2rvr8dpm1msqkr3jhzfqb0vk06wc-terraform-1.14.8.drv",
      "description": "Tool for building, changing, and versioning infrastructure",
      "install_id": "terraform",
      "license": "BUSL-1.1",
      "locked_url": "https://github.com/flox/nixpkgs?rev=4bd9165a9165d7b5e33ae57f3eecbcb28fb231c9",
      "name": "terraform-1.14.8",
      "pname": "terraform",
      "rev": "4bd9165a9165d7b5e33ae57f3eecbcb28fb231c9",
      "rev_count": 980183,
      "rev_date": "2026-04-14T12:31:25Z",
      "scrape_date": "2026-04-16T06:07:10.076775Z",
      "stabilities": [
        "staging",
        "unstable"
      ],
      "unfree": true,
      "version": "1.14.8",
      "outputs_to_install": [
        "out"
      ],
      "outputs": {
        "out": "/nix/store/21vxm6hcrxki9iwzcc9pcjd060ib7p0w-terraform-1.14.8"
      },
      "system": "aarch64-darwin",
      "group": "toplevel",
      "priority": 5
    },
    {
      "attr_path": "terraform",
      "broken": false,
      "derivation": "/nix/store/h02v3capx55w700zypjx73hd34zzlfqa-terraform-1.14.8.drv",
      "description": "Tool for building, changing, and versioning infrastructure",
      "install_id": "terraform",
      "license": "BUSL-1.1",
      "locked_url": "https://github.com/flox/nixpkgs?rev=4bd9165a9165d7b5e33ae57f3eecbcb28fb231c9",
      "name": "terraform-1.14.8",
      "pname": "terraform",
      "rev": "4bd9165a9165d7b5e33ae57f3eecbcb28fb231c9",
      "rev_count": 980183,
      "rev_date": "2026-04-14T12:31:25Z",
      "scrape_date": "2026-04-16T06:39:42.435684Z",
      "stabilities": [
        "staging",
        "unstable"
      ],
      "unfree": true,
      "version": "1.14.8",
      "outputs_to_install": [
        "out"
      ],
      "outputs": {
        "out": "/nix/store/59z3ljc9f24y3y7m3msc47hdwzl44w5g-terraform-1.14.8"
      },
      "system": "aarch64-linux",
      "group": "toplevel",
      "priority": 5
    },
    {
      "attr_path": "terraform",
      "broken": false,
      "derivation": "/nix/store/zmzm4bpv72hsz1jjpwy2yl99p053pbc1-terraform-1.14.8.drv",
      "description": "Tool for building, changing, and versioning infrastructure",
      "install_id": "terraform",
      "license": "BUSL-1.1",
      "locked_url": "https://github.com/flox/nixpkgs?rev=4bd9165a9165d7b5e33ae57f3eecbcb28fb231c9",
      "name": "terraform-1.14.8",
      "pname": "terraform",
      "rev": "4bd9165a9165d7b5e33ae57f3eecbcb28fb231c9",
      "rev_count": 980183,
      "rev_date": "2026-04-14T12:31:25Z",
      "scrape_date": "2026-04-16T07:09:52.313488Z",
      "stabilities": [
        "staging",
        "unstable"
      ],
      "unfree": true,
      "version": "1.14.8",
      "outputs_to_install": [
        "out"
      ],
      "outputs": {
        "out": "/nix/store/d0h62zc9af99gddpglbxpzpycw74yhyc-terraform-1.14.8"
      },
      "system": "x86_64-darwin",
      "group": "toplevel",
      "priority": 5
    },
    {
      "attr_path": "terraform",
      "broken": false,
      "derivation": "/nix/store/z4mjxa6j3w2m88g3fkmywfqdjqg1q31f-terraform-1.14.8.drv",
      "description": "Tool for building, changing, and versioning infrastructure",
      "install_id": "terraform",
      "license": "BUSL-1.1",
      "locked_url": "https://github.com/flox/nixpkgs?rev=4bd9165a9165d7b5e33ae57f3eecbcb28fb231c9",
      "name": "terraform-1.14.8",
      "pname": "terraform",
      "rev": "4bd9165a9165d7b5e33ae57f3eecbcb28fb231c9",
      "rev_count": 980183,
      "rev_date": "2026-04-14T12:31:25Z",
      "scrape_date": "2026-04-16T07:45:17.334912Z",
      "stabilities": [
        "staging",
        "unstable"
      ],
      "unfree": true,
      "version": "1.14.8",
      "outputs_to_install": [
        "out"
      ],
      "outputs": {
        "out": "/nix/store/g3971j79h9mmg5d0cg60qfdgy0qzgsj5-terraform-1.14.8"
      },
      "system": "x86_64-linux",
      "group": "toplevel",
      "priority": 5
    }
  ]
}
